
Microsoft Visual Studio Solution File, Format Version 12.00
# Visual Studio Version 16
VisualStudioVersion = 16.0.29920.165
MinimumVisualStudioVersion = 10.0.40219.1
Project("{FAE04EC0-301F-11D3-BF4B-00C04F79EFBC}") = "UI.Desktop", "UI.Desktop\UI.Desktop.csproj", "{99D25D58-79F9-4094-9445-2A63D4EB2EF1}"
EndProject
Project("{9A19103F-16F7-4668-BE54-9A1E7A4F7556}") = "Util", "Util\Util.csproj", "{6D726C97-C0D3-4A94-B2FB-6132E89D4582}"
EndProject
Project("{9A19103F-16F7-4668-BE54-9A1E7A4F7556}") = "Business.Entities", "Business.Entities\Business.Entities.csproj", "{F9DE5C6F-B2D5-448A-8E54-C0FC01A2A2A6}"
EndProject
Project("{9A19103F-16F7-4668-BE54-9A1E7A4F7556}") = "Business.Logic", "Bussines.Logic\Business.Logic.csproj", "{CA623114-3904-42AD-A552-F5D07F5B5C8E}"
EndProject
Project("{FAE04EC0-301F-11D3-BF4B-00C04F79EFBC}") = "Data.Database", "..\..\Data.Database\Data.Database\Data.Database.csproj", "{18D1C50F-58E0-4D94-B05B-4A95A146E6BB}"
EndProject
Project("{F184B08F-C81C-45F6-A57F-5ABD9991F28F}") = "UI.Web", "UI.Web\UI.Web.vbproj", "{96906C89-01C3-4392-B70E-77034561CD66}"
EndProject
Project("{FAE04EC0-301F-11D3-BF4B-00C04F79EFBC}") = "UI.Consola", "UI.Consola\UI.Consola.csproj", "{7AB2EEE9-30FF-4C70-BCFD-24C5D056AC26}"
EndProject
Global
	GlobalSection(SolutionConfigurationPlatforms) = preSolution
		Debug|Any CPU = Debug|Any CPU
		Release|Any CPU = Release|Any CPU
	EndGlobalSection
	GlobalSection(ProjectConfigurationPlatforms) = postSolution
		{99D25D58-79F9-4094-9445-2A63D4EB2EF1}.Debug|Any CPU.ActiveCfg = Debug|Any CPU
		{99D25D58-79F9-4094-9445-2A63D4EB2EF1}.Debug|Any CPU.Build.0 = Debug|Any CPU
		{99D25D58-79F9-4094-9445-2A63D4EB2EF1}.Release|Any CPU.ActiveCfg = Release|Any CPU
		{99D25D58-79F9-4094-9445-2A63D4EB2EF1}.Release|Any CPU.Build.0 = Release|Any CPU
		{6D726C97-C0D3-4A94-B2FB-6132E89D4582}.Debug|Any CPU.ActiveCfg = Debug|Any CPU
		{6D726C97-C0D3-4A94-B2FB-6132E89D4582}.Debug|Any CPU.Build.0 = Debug|Any CPU
		{6D726C97-C0D3-4A94-B2FB-6132E89D4582}.Release|Any CPU.ActiveCfg = Release|Any CPU
		{6D726C97-C0D3-4A94-B2FB-6132E89D4582}.Release|Any CPU.Build.0 = Release|Any CPU
		{F9DE5C6F-B2D5-448A-8E54-C0FC01A2A2A6}.Debug|Any CPU.ActiveCfg = Debug|Any CPU
		{F9DE5C6F-B2D5-448A-8E54-C0FC01A2A2A6}.Debug|Any CPU.Build.0 = Debug|Any CPU
		{F9DE5C6F-B2D5-448A-8E54-C0FC01A2A2A6}.Release|Any CPU.ActiveCfg = Release|Any CPU
		{F9DE5C6F-B2D5-448A-8E54-C0FC01A2A2A6}.Release|Any CPU.Build.0 = Release|Any CPU
		{CA623114-3904-42AD-A552-F5D07F5B5C8E}.Debug|Any CPU.ActiveCfg = Debug|Any CPU
		{CA623114-3904-42AD-A552-F5D07F5B5C8E}.Debug|Any CPU.Build.0 = Debug|Any CPU
		{CA623114-3904-42AD-A552-F5D07F5B5C8E}.Release|Any CPU.ActiveCfg = Release|Any CPU
		{CA623114-3904-42AD-A552-F5D07F5B5C8E}.Release|Any CPU.Build.0 = Release|Any CPU
		{18D1C50F-58E0-4D94-B05B-4A95A146E6BB}.Debug|Any CPU.ActiveCfg = Debug|Any CPU
		{18D1C50F-58E0-4D94-B05B-4A95A146E6BB}.Debug|Any CPU.Build.0 = Debug|Any CPU
		{18D1C50F-58E0-4D94-B05B-4A95A146E6BB}.Release|Any CPU.ActiveCfg = Release|Any CPU
		{18D1C50F-58E0-4D94-B05B-4A95A146E6BB}.Release|Any CPU.Build.0 = Release|Any CPU
		{96906C89-01C3-4392-B70E-77034561CD66}.Debug|Any CPU.ActiveCfg = Debug|Any CPU
		{96906C89-01C3-4392-B70E-77034561CD66}.Debug|Any CPU.Build.0 = Debug|Any CPU
		{96906C89-01C3-4392-B70E-77034561CD66}.Release|Any CPU.ActiveCfg = Release|Any CPU
		{96906C89-01C3-4392-B70E-77034561CD66}.Release|Any CPU.Build.0 = Release|Any CPU
		{7AB2EEE9-30FF-4C70-BCFD-24C5D056AC26}.Debug|Any CPU.ActiveCfg = Debug|Any CPU
		{7AB2EEE9-30FF-4C70-BCFD-24C5D056AC26}.Debug|Any CPU.Build.0 = Debug|Any CPU
		{7AB2EEE9-30FF-4C70-BCFD-24C5D056AC26}.Release|Any CPU.ActiveCfg = Release|Any CPU
		{7AB2EEE9-30FF-4C70-BCFD-24C5D056AC26}.Release|Any CPU.Build.0 = Release|Any CPU
	EndGlobalSection
	GlobalSection(SolutionProperties) = preSolution
		HideSolutionNode = FALSE
	EndGlobalSection
	GlobalSection(ExtensibilityGlobals) = postSolution
		SolutionGuid = {6C249FA4-7130-4224-B57F-EA0CF219B5A4}
	EndGlobalSection
EndGlobal
